{
  "name": "hacktivation-2024",
  "version": "1.0.0",
  "lockfileVersion": 3,
  "requires": true,
  "packages": {
    "": {
      "name": "hacktivation-2024",
      "version": "1.0.0",
      "license": "ISC",
      "workspaces": [
        "packages/frontend",
        "packages/contract"
      ]
    },
    "node_modules/contract": {
      "resolved": "packages/contract",
      "link": true
    },
    "node_modules/frontend": {
      "resolved": "packages/frontend",
      "link": true
    },
    "packages/contract": {
      "version": "1.0.0",
      "license": "ISC",
      "devDependencies": {}
    },
    "packages/frontend": {
      "version": "1.0.0",
      "license": "ISC"
    }
  }
}
